
Microsoft Visual Studio Solution File, Format Version 12.00
# Visual Studio 15
VisualStudioVersion = 15.0.27703.2000
MinimumVisualStudioVersion = 10.0.40219.1
Project("{8BC9CEB8-8B4A-11D0-8D11-00A0C91BC942}") = "Aula1610", "Aula1610\Aula1610.vcxproj", "{8B0299B3-6A00-4409-BF65-FF149BE6F9CB}"
EndProject
Project("{8BC9CEB8-8B4A-11D0-8D11-00A0C91BC942}") = "Condicionais", "Condicionais\Condicionais.vcxproj", "{5C1A0933-CD6F-4995-B435-7B044C1051DD}"
EndProject
Project("{8BC9CEB8-8B4A-11D0-8D11-00A0C91BC942}") = "Aula1710", "Aula1710\Aula1710.vcxproj", "{E7147B20-66D7-4914-808E-B6E0FCBCD784}"
EndProject
Project("{8BC9CEB8-8B4A-11D0-8D11-00A0C91BC942}") = "Aula1810", "Aula1810\Aula1810.vcxproj", "{D308CA9C-A207-4A48-AE94-7C15AE0FC305}"
EndProject
Project("{8BC9CEB8-8B4A-11D0-8D11-00A0C91BC942}") = "MaiorNumero", "MaiorNumero\MaiorNumero.vcxproj", "{09B04CB9-38A5-40F7-AACB-587CBCC97399}"
EndProject
Project("{8BC9CEB8-8B4A-11D0-8D11-00A0C91BC942}") = "Aula2310", "Aula2310\Aula2310.vcxproj", "{C86447D3-0DB8-4D9A-B3B8-695E89BE94F1}"
EndProject
Project("{8BC9CEB8-8B4A-11D0-8D11-00A0C91BC942}") = "Aula2510_Repeticoes", "Aula2510_Repeticoes\Aula2510_Repeticoes.vcxproj", "{B749D5C0-D89C-4626-B71B-CB31E1DB190A}"
EndProject
Project("{8BC9CEB8-8B4A-11D0-8D11-00A0C91BC942}") = "Aula0611", "Aula0611\Aula0611.vcxproj", "{0CC79FDB-F2E7-436D-AE90-6707085CDF31}"
EndProject
Project("{8BC9CEB8-8B4A-11D0-8D11-00A0C91BC942}") = "Matriz", "Matriz\Matriz.vcxproj", "{8B313700-E1FC-4A39-8ABA-0D38844BEEAB}"
EndProject
Global
	GlobalSection(SolutionConfigurationPlatforms) = preSolution
		Debug|x64 = Debug|x64
		Debug|x86 = Debug|x86
		Release|x64 = Release|x64
		Release|x86 = Release|x86
	EndGlobalSection
	GlobalSection(ProjectConfigurationPlatforms) = postSolution
		{8B0299B3-6A00-4409-BF65-FF149BE6F9CB}.Debug|x64.ActiveCfg = Debug|x64
		{8B0299B3-6A00-4409-BF65-FF149BE6F9CB}.Debug|x64.Build.0 = Debug|x64
		{8B0299B3-6A00-4409-BF65-FF149BE6F9CB}.Debug|x86.ActiveCfg = Debug|Win32
		{8B0299B3-6A00-4409-BF65-FF149BE6F9CB}.Debug|x86.Build.0 = Debug|Win32
		{8B0299B3-6A00-4409-BF65-FF149BE6F9CB}.Release|x64.ActiveCfg = Release|x64
		{8B0299B3-6A00-4409-BF65-FF149BE6F9CB}.Release|x64.Build.0 = Release|x64
		{8B0299B3-6A00-4409-BF65-FF149BE6F9CB}.Release|x86.ActiveCfg = Release|Win32
		{8B0299B3-6A00-4409-BF65-FF149BE6F9CB}.Release|x86.Build.0 = Release|Win32
		{5C1A0933-CD6F-4995-B435-7B044C1051DD}.Debug|x64.ActiveCfg = Debug|x64
		{5C1A0933-CD6F-4995-B435-7B044C1051DD}.Debug|x64.Build.0 = Debug|x64
		{5C1A0933-CD6F-4995-B435-7B044C1051DD}.Debug|x86.ActiveCfg = Debug|Win32
		{5C1A0933-CD6F-4995-B435-7B044C1051DD}.Debug|x86.Build.0 = Debug|Win32
		{5C1A0933-CD6F-4995-B435-7B044C1051DD}.Release|x64.ActiveCfg = Release|x64
		{5C1A0933-CD6F-4995-B435-7B044C1051DD}.Release|x64.Build.0 = Release|x64
		{5C1A0933-CD6F-4995-B435-7B044C1051DD}.Release|x86.ActiveCfg = Release|Win32
		{5C1A0933-CD6F-4995-B435-7B044C1051DD}.Release|x86.Build.0 = Release|Win32
		{E7147B20-66D7-4914-808E-B6E0FCBCD784}.Debug|x64.ActiveCfg = Debug|x64
		{E7147B20-66D7-4914-808E-B6E0FCBCD784}.Debug|x64.Build.0 = Debug|x64
		{E7147B20-66D7-4914-808E-B6E0FCBCD784}.Debug|x86.ActiveCfg = Debug|Win32
		{E7147B20-66D7-4914-808E-B6E0FCBCD784}.Debug|x86.Build.0 = Debug|Win32
		{E7147B20-66D7-4914-808E-B6E0FCBCD784}.Release|x64.ActiveCfg = Release|x64
		{E7147B20-66D7-4914-808E-B6E0FCBCD784}.Release|x64.Build.0 = Release|x64
		{E7147B20-66D7-4914-808E-B6E0FCBCD784}.Release|x86.ActiveCfg = Release|Win32
		{E7147B20-66D7-4914-808E-B6E0FCBCD784}.Release|x86.Build.0 = Release|Win32
		{D308CA9C-A207-4A48-AE94-7C15AE0FC305}.Debug|x64.ActiveCfg = Debug|x64
		{D308CA9C-A207-4A48-AE94-7C15AE0FC305}.Debug|x64.Build.0 = Debug|x64
		{D308CA9C-A207-4A48-AE94-7C15AE0FC305}.Debug|x86.ActiveCfg = Debug|Win32
		{D308CA9C-A207-4A48-AE94-7C15AE0FC305}.Debug|x86.Build.0 = Debug|Win32
		{D308CA9C-A207-4A48-AE94-7C15AE0FC305}.Release|x64.ActiveCfg = Release|x64
		{D308CA9C-A207-4A48-AE94-7C15AE0FC305}.Release|x64.Build.0 = Release|x64
		{D308CA9C-A207-4A48-AE94-7C15AE0FC305}.Release|x86.ActiveCfg = Release|Win32
		{D308CA9C-A207-4A48-AE94-7C15AE0FC305}.Release|x86.Build.0 = Release|Win32
		{09B04CB9-38A5-40F7-AACB-587CBCC97399}.Debug|x64.ActiveCfg = Debug|x64
		{09B04CB9-38A5-40F7-AACB-587CBCC97399}.Debug|x64.Build.0 = Debug|x64
		{09B04CB9-38A5-40F7-AACB-587CBCC97399}.Debug|x86.ActiveCfg = Debug|Win32
		{09B04CB9-38A5-40F7-AACB-587CBCC97399}.Debug|x86.Build.0 = Debug|Win32
		{09B04CB9-38A5-40F7-AACB-587CBCC97399}.Release|x64.ActiveCfg = Release|x64
		{09B04CB9-38A5-40F7-AACB-587CBCC97399}.Release|x64.Build.0 = Release|x64
		{09B04CB9-38A5-40F7-AACB-587CBCC97399}.Release|x86.ActiveCfg = Release|Win32
		{09B04CB9-38A5-40F7-AACB-587CBCC97399}.Release|x86.Build.0 = Release|Win32
		{C86447D3-0DB8-4D9A-B3B8-695E89BE94F1}.Debug|x64.ActiveCfg = Debug|x64
		{C86447D3-0DB8-4D9A-B3B8-695E89BE94F1}.Debug|x64.Build.0 = Debug|x64
		{C86447D3-0DB8-4D9A-B3B8-695E89BE94F1}.Debug|x86.ActiveCfg = Debug|Win32
		{C86447D3-0DB8-4D9A-B3B8-695E89BE94F1}.Debug|x86.Build.0 = Debug|Win32
		{C86447D3-0DB8-4D9A-B3B8-695E89BE94F1}.Release|x64.ActiveCfg = Release|x64
		{C86447D3-0DB8-4D9A-B3B8-695E89BE94F1}.Release|x64.Build.0 = Release|x64
		{C86447D3-0DB8-4D9A-B3B8-695E89BE94F1}.Release|x86.ActiveCfg = Release|Win32
		{C86447D3-0DB8-4D9A-B3B8-695E89BE94F1}.Release|x86.Build.0 = Release|Win32
		{B749D5C0-D89C-4626-B71B-CB31E1DB190A}.Debug|x64.ActiveCfg = Debug|x64
		{B749D5C0-D89C-4626-B71B-CB31E1DB190A}.Debug|x64.Build.0 = Debug|x64
		{B749D5C0-D89C-4626-B71B-CB31E1DB190A}.Debug|x86.ActiveCfg = Debug|Win32
		{B749D5C0-D89C-4626-B71B-CB31E1DB190A}.Debug|x86.Build.0 = Debug|Win32
		{B749D5C0-D89C-4626-B71B-CB31E1DB190A}.Release|x64.ActiveCfg = Release|x64
		{B749D5C0-D89C-4626-B71B-CB31E1DB190A}.Release|x64.Build.0 = Release|x64
		{B749D5C0-D89C-4626-B71B-CB31E1DB190A}.Release|x86.ActiveCfg = Release|Win32
		{B749D5C0-D89C-4626-B71B-CB31E1DB190A}.Release|x86.Build.0 = Release|Win32
		{0CC79FDB-F2E7-436D-AE90-6707085CDF31}.Debug|x64.ActiveCfg = Debug|x64
		{0CC79FDB-F2E7-436D-AE90-6707085CDF31}.Debug|x64.Build.0 = Debug|x64
		{0CC79FDB-F2E7-436D-AE90-6707085CDF31}.Debug|x86.ActiveCfg = Debug|Win32
		{0CC79FDB-F2E7-436D-AE90-6707085CDF31}.Debug|x86.Build.0 = Debug|Win32
		{0CC79FDB-F2E7-436D-AE90-6707085CDF31}.Release|x64.ActiveCfg = Release|x64
		{0CC79FDB-F2E7-436D-AE90-6707085CDF31}.Release|x64.Build.0 = Release|x64
		{0CC79FDB-F2E7-436D-AE90-6707085CDF31}.Release|x86.ActiveCfg = Release|Win32
		{0CC79FDB-F2E7-436D-AE90-6707085CDF31}.Release|x86.Build.0 = Release|Win32
		{8B313700-E1FC-4A39-8ABA-0D38844BEEAB}.Debug|x64.ActiveCfg = Debug|x64
		{8B313700-E1FC-4A39-8ABA-0D38844BEEAB}.Debug|x64.Build.0 = Debug|x64
		{8B313700-E1FC-4A39-8ABA-0D38844BEEAB}.Debug|x86.ActiveCfg = Debug|Win32
		{8B313700-E1FC-4A39-8ABA-0D38844BEEAB}.Debug|x86.Build.0 = Debug|Win32
		{8B313700-E1FC-4A39-8ABA-0D38844BEEAB}.Release|x64.ActiveCfg = Release|x64
		{8B313700-E1FC-4A39-8ABA-0D38844BEEAB}.Release|x64.Build.0 = Release|x64
		{8B313700-E1FC-4A39-8ABA-0D38844BEEAB}.Release|x86.ActiveCfg = Release|Win32
		{8B313700-E1FC-4A39-8ABA-0D38844BEEAB}.Release|x86.Build.0 = Release|Win32
	EndGlobalSection
	GlobalSection(SolutionProperties) = preSolution
		HideSolutionNode = FALSE
	EndGlobalSection
	GlobalSection(ExtensibilityGlobals) = postSolution
		SolutionGuid = {C29900A3-1D0A-4474-B21E-668A64D17E74}
	EndGlobalSection
EndGlobal
